
Microsoft Visual Studio Solution File, Format Version 12.00
# Visual Studio Version 17
VisualStudioVersion = 17.14.36908.2 d17.14
MinimumVisualStudioVersion = 10.0.40219.1
Project("{FAE04EC0-301F-11D3-BF4B-00C04F79EFBC}") = "Uc_10_Ryan_00003_Razor", "Uc_10_Ryan_00003_Razor\Uc_10_Ryan_00003_Razor.csproj", "{55C8D847-DF30-4252-93A1-3E454C89F2B4}"
EndProject
Global
	GlobalSection(SolutionConfigurationPlatforms) = preSolution
		Debug|Any CPU = Debug|Any CPU
		Release|Any CPU = Release|Any CPU
	EndGlobalSection
	GlobalSection(ProjectConfigurationPlatforms) = postSolution
		{55C8D847-DF30-4252-93A1-3E454C89F2B4}.Debug|Any CPU.ActiveCfg = Debug|Any CPU
		{55C8D847-DF30-4252-93A1-3E454C89F2B4}.Debug|Any CPU.Build.0 = Debug|Any CPU
		{55C8D847-DF30-4252-93A1-3E454C89F2B4}.Release|Any CPU.ActiveCfg = Release|Any CPU
		{55C8D847-DF30-4252-93A1-3E454C89F2B4}.Release|Any CPU.Build.0 = Release|Any CPU
	EndGlobalSection
	GlobalSection(SolutionProperties) = preSolution
		HideSolutionNode = FALSE
	EndGlobalSection
	GlobalSection(ExtensibilityGlobals) = postSolution
		SolutionGuid = {EDF6A30B-8C0B-46C9-9CBF-D0B7632FD7E2}
	EndGlobalSection
EndGlobal
